
Microsoft Visual Studio Solution File, Format Version 12.00
# Visual Studio Version 16
VisualStudioVersion = 16.0.31005.135
MinimumVisualStudioVersion = 10.0.40219.1
Project("{9A19103F-16F7-4668-BE54-9A1E7A4F7556}") = "Lab1_Giron_Laparra_Bech", "Lab1_Giron_Laparra_Bech.csproj", "{2846E7BD-A857-4FAA-914E-C95A549A0F1A}"
EndProject
Global
	GlobalSection(SolutionConfigurationPlatforms) = preSolution
		Debug|Any CPU = Debug|Any CPU
		Release|Any CPU = Release|Any CPU
	EndGlobalSection
	GlobalSection(ProjectConfigurationPlatforms) = postSolution
		{2846E7BD-A857-4FAA-914E-C95A549A0F1A}.Debug|Any CPU.ActiveCfg = Debug|Any CPU
		{2846E7BD-A857-4FAA-914E-C95A549A0F1A}.Debug|Any CPU.Build.0 = Debug|Any CPU
		{2846E7BD-A857-4FAA-914E-C95A549A0F1A}.Release|Any CPU.ActiveCfg = Release|Any CPU
		{2846E7BD-A857-4FAA-914E-C95A549A0F1A}.Release|Any CPU.Build.0 = Release|Any CPU
	EndGlobalSection
	GlobalSection(SolutionProperties) = preSolution
		HideSolutionNode = FALSE
	EndGlobalSection
	GlobalSection(ExtensibilityGlobals) = postSolution
		SolutionGuid = {A2CFE9EE-E7A9-4150-9B6C-51F901364D3C}
	EndGlobalSection
EndGlobal
